
Microsoft Visual Studio Solution File, Format Version 12.00
# Visual Studio Version 16
VisualStudioVersion = 16.0.31624.102
MinimumVisualStudioVersion = 10.0.40219.1
Project("{FAE04EC0-301F-11D3-BF4B-00C04F79EFBC}") = "TapoP105", "TapoP105.csproj", "{ACF4C3AC-C569-4204-8F4C-D457E81D246D}"
EndProject
Global
	GlobalSection(SolutionConfigurationPlatforms) = preSolution
		Debug|Any CPU = Debug|Any CPU
		Release|Any CPU = Release|Any CPU
	EndGlobalSection
	GlobalSection(ProjectConfigurationPlatforms) = postSolution
		{ACF4C3AC-C569-4204-8F4C-D457E81D246D}.Debug|Any CPU.ActiveCfg = Debug|Any CPU
		{ACF4C3AC-C569-4204-8F4C-D457E81D246D}.Debug|Any CPU.Build.0 = Debug|Any CPU
		{ACF4C3AC-C569-4204-8F4C-D457E81D246D}.Release|Any CPU.ActiveCfg = Release|Any CPU
		{ACF4C3AC-C569-4204-8F4C-D457E81D246D}.Release|Any CPU.Build.0 = Release|Any CPU
	EndGlobalSection
	GlobalSection(SolutionProperties) = preSolution
		HideSolutionNode = FALSE
	EndGlobalSection
	GlobalSection(ExtensibilityGlobals) = postSolution
		SolutionGuid = {D51C47EC-A996-4C32-8F8F-366E5AD0FFAF}
	EndGlobalSection
EndGlobal
